AOSP_TAG=android-16.0.0_r4
AOSP_TAG_REF=refs/tags/android-16.0.0_r4
AOSP_MANIFEST_SHA=6a0aa432c646cef4c76b276c9a0f38ecaa6e0c59

BUILD_TOOLS_TAG_SHA=fe84c034f9c533cca330bd585ed889b22ab2cb32
JDK8_TAG_SHA=23b04daeb055094f855e3b2204334f4650f68af4
JDK21_TAG_SHA=c6cbf370bc5469f3a9fb4cb362286f1b61da73eb

CLANG_ARM64_REF=refs/heads/mirror-goog-main-prebuilts
CLANG_ARM64_SHA=1ab4a0aa701ef64db8a6e08a5995a369c008f600
GO_ARM64_REF=refs/heads/mirror-goog-llvm-r596125-release
GO_ARM64_SHA=85088d1ab9a678cc8531f9cc05de9fa802f91c58
CMAKE_ARM64_REF=refs/heads/mirror-goog-main-prebuilts
CMAKE_ARM64_SHA=20526d417b6ca38b24bd4094eaaf528e2e4fb9e9
NINJA_ARM64_REF=refs/heads/mirror-goog-main-prebuilts
NINJA_ARM64_SHA=f5f1d6a3c3d46d64ec9d2a3f9535a01c7ec71168
PYTHON_ARM64_REF=refs/heads/mirror-goog-llvm-r596125-release
PYTHON_ARM64_SHA=e771c72074e9b17b6ccf15f8eee2755cac20dc27
