AOSP_TAG=android-16.0.0_r4
AOSP_TAG_REF=refs/tags/android-16.0.0_r4
AOSP_MANIFEST_SHA=6a0aa432c646cef4c76b276c9a0f38ecaa6e0c59

CLANG_VERSION=clang-r563880c
CLANG_X86_TAG_SHA=cd12ddc5fb6457b221a38245ccb87203f44e09cc
CLANG_ARM64_STATUS=build-required
CLANG_ARM64_REF=
CLANG_ARM64_SHA=

GO_VERSION=go1.24.1
GO_X86_TAG_SHA=746696ea39c646b643788f3c43736648d24b0b82
GO_ARM64_STATUS=build-required
GO_ARM64_REF=
GO_ARM64_SHA=

CMAKE_VERSION=3.22
CMAKE_X86_TAG_SHA=6800844bb3bbe85c945a2284514b9869be0b5f95
CMAKE_ARM64_STATUS=build-required
CMAKE_ARM64_REF=
CMAKE_ARM64_SHA=

BUILD_TOOLS_TAG_SHA=fe84c034f9c533cca330bd585ed889b22ab2cb32
JDK8_TAG_SHA=23b04daeb055094f855e3b2204334f4650f68af4
JDK21_TAG_SHA=c6cbf370bc5469f3a9fb4cb362286f1b61da73eb
